{
  "originHash" : "60e327d3e60260321096f95f283ea69f56859f72a475f79fd2dbd74500174830",
  "pins" : [
    {
      "identity" : "pvpcnetwork",
      "kind" : "remoteSourceControl",
      "location" : "https://github.com/Bitos88/PVPCNetwork",
      "state" : {
        "branch" : "main",
        "revision" : "69de9739f4a209fd305527e90a65ea9645decdc3"
      }
    }
  ],
  "version" : 3
}
