// !$*UTF8*$!
{
	archiveVersion = 1;
	classes = {
	};
	objectVersion = 56;
	objects = {

/* Begin PBXBuildFile section */
		1213F8322C459ED3008B4373 /* PVPCPlannerTests.swift in Sources */ = {isa = PBXBuildFile; fileRef = 1213F8312C459ED3008B4373 /* PVPCPlannerTests.swift */; };
		12726C4D2C3C00130020D35A /* ProjectStructure.md in Resources */ = {isa = PBXBuildFile; fileRef = 12726C4C2C3C00130020D35A /* ProjectStructure.md */; };
		129120CA2C3BFBA50037E939 /* README.md in Resources */ = {isa = PBXBuildFile; fileRef = 129120C92C3BFBA50037E939 /* README.md */; };
		12C821822C3BE8A700717D4F /* PVPCPlannerApp.swift in Sources */ = {isa = PBXBuildFile; fileRef = 12C821812C3BE8A700717D4F /* PVPCPlannerApp.swift */; };
		12C821842C3BE8A700717D4F /* ContentView.swift in Sources */ = {isa = PBXBuildFile; fileRef = 12C821832C3BE8A700717D4F /* ContentView.swift */; };
		12C821862C3BE8A800717D4F /* Assets.xcassets in Resources */ = {isa = PBXBuildFile; fileRef = 12C821852C3BE8A800717D4F /* Assets.xcassets */; };
		12C821892C3BE8A800717D4F /* Preview Assets.xcassets in Resources */ = {isa = PBXBuildFile; fileRef = 12C821882C3BE8A800717D4F /* Preview Assets.xcassets */; };
		1ADDACE62C636DBA00797976 /* NetworkRepository.swift in Sources */ = {isa = PBXBuildFile; fileRef = 1ADDACE52C636DBA00797976 /* NetworkRepository.swift */; };
		1ADDACE92C63745700797976 /* PVPCModel.swift in Sources */ = {isa = PBXBuildFile; fileRef = 1ADDACE82C63745700797976 /* PVPCModel.swift */; };
		1ADDACED2C63750E00797976 /* PVPCNetwork in Frameworks */ = {isa = PBXBuildFile; productRef = 1ADDACEC2C63750E00797976 /* PVPCNetwork */; };
		1ADDACF02C6375B800797976 /* URL.swift in Sources */ = {isa = PBXBuildFile; fileRef = 1ADDACEF2C6375B800797976 /* URL.swift */; };
		1ADDACF22C6377A700797976 /* URLRequest.swift in Sources */ = {isa = PBXBuildFile; fileRef = 1ADDACF12C6377A700797976 /* URLRequest.swift */; };
		1ADDACF42C6379CF00797976 /* AllPricesTest.json in Resources */ = {isa = PBXBuildFile; fileRef = 1ADDACF32C6379CF00797976 /* AllPricesTest.json */; };
		1ADDACF62C6379DD00797976 /* PreviewData.swift in Sources */ = {isa = PBXBuildFile; fileRef = 1ADDACF52C6379DD00797976 /* PreviewData.swift */; };
		1ADDACF92C637ADA00797976 /* PricesVM.swift in Sources */ = {isa = PBXBuildFile; fileRef = 1ADDACF82C637ADA00797976 /* PricesVM.swift */; };
		1ADDACFE2C637C2A00797976 /* PricesView.swift in Sources */ = {isa = PBXBuildFile; fileRef = 1ADDACFD2C637C2A00797976 /* PricesView.swift */; };
/* End PBXBuildFile section */

/* Begin PBXContainerItemProxy section */
		1213F8332C459ED3008B4373 /* PBXContainerItemProxy */ = {
			isa = PBXContainerItemProxy;
			containerPortal = 12C821762C3BE8A700717D4F /* Project object */;
			proxyType = 1;
			remoteGlobalIDString = 12C8217D2C3BE8A700717D4F;
			remoteInfo = PVPCPlanner;
		};
/* End PBXContainerItemProxy section */

/* Begin PBXFileReference section */
		1213F82F2C459ED3008B4373 /* PVPCPlannerTests.xctest */ = {isa = PBXFileReference; explicitFileType = wrapper.cfbundle; includeInIndex = 0; path = PVPCPlannerTests.xctest; sourceTree = BUILT_PRODUCTS_DIR; };
		1213F8312C459ED3008B4373 /* PVPCPlannerTests.swift */ = {isa = PBXFileReference; lastKnownFileType = sourcecode.swift; path = PVPCPlannerTests.swift; sourceTree = "<group>"; };
		12726C4C2C3C00130020D35A /* ProjectStructure.md */ = {isa = PBXFileReference; fileEncoding = 4; lastKnownFileType = net.daringfireball.markdown; path = ProjectStructure.md; sourceTree = "<group>"; };
		129120C92C3BFBA50037E939 /* README.md */ = {isa = PBXFileReference; fileEncoding = 4; lastKnownFileType = net.daringfireball.markdown; path = README.md; sourceTree = "<group>"; };
		12C8217E2C3BE8A700717D4F /* PVPCPlanner.app */ = {isa = PBXFileReference; explicitFileType = wrapper.application; includeInIndex = 0; path = PVPCPlanner.app; sourceTree = BUILT_PRODUCTS_DIR; };
		12C821812C3BE8A700717D4F /* PVPCPlannerApp.swift */ = {isa = PBXFileReference; lastKnownFileType = sourcecode.swift; path = PVPCPlannerApp.swift; sourceTree = "<group>"; };
		12C821832C3BE8A700717D4F /* ContentView.swift */ = {isa = PBXFileReference; lastKnownFileType = sourcecode.swift; path = ContentView.swift; sourceTree = "<group>"; };
		12C821852C3BE8A800717D4F /* Assets.xcassets */ = {isa = PBXFileReference; lastKnownFileType = folder.assetcatalog; path = Assets.xcassets; sourceTree = "<group>"; };
		12C821882C3BE8A800717D4F /* Preview Assets.xcassets */ = {isa = PBXFileReference; lastKnownFileType = folder.assetcatalog; path = "Preview Assets.xcassets"; sourceTree = "<group>"; };
		1ADDACE52C636DBA00797976 /* NetworkRepository.swift */ = {isa = PBXFileReference; lastKnownFileType = sourcecode.swift; path = NetworkRepository.swift; sourceTree = "<group>"; };
		1ADDACE82C63745700797976 /* PVPCModel.swift */ = {isa = PBXFileReference; lastKnownFileType = sourcecode.swift; path = PVPCModel.swift; sourceTree = "<group>"; };
		1ADDACEF2C6375B800797976 /* URL.swift */ = {isa = PBXFileReference; lastKnownFileType = sourcecode.swift; path = URL.swift; sourceTree = "<group>"; };
		1ADDACF12C6377A700797976 /* URLRequest.swift */ = {isa = PBXFileReference; lastKnownFileType = sourcecode.swift; path = URLRequest.swift; sourceTree = "<group>"; };
		1ADDACF32C6379CF00797976 /* AllPricesTest.json */ = {isa = PBXFileReference; fileEncoding = 4; lastKnownFileType = text.json; path = AllPricesTest.json; sourceTree = "<group>"; };
		1ADDACF52C6379DD00797976 /* PreviewData.swift */ = {isa = PBXFileReference; lastKnownFileType = sourcecode.swift; path = PreviewData.swift; sourceTree = "<group>"; };
		1ADDACF82C637ADA00797976 /* PricesVM.swift */ = {isa = PBXFileReference; lastKnownFileType = sourcecode.swift; path = PricesVM.swift; sourceTree = "<group>"; };
		1ADDACFD2C637C2A00797976 /* PricesView.swift */ = {isa = PBXFileReference; lastKnownFileType = sourcecode.swift; path = PricesView.swift; sourceTree = "<group>"; };
/* End PBXFileReference section */

/* Begin PBXFrameworksBuildPhase section */
		1213F82C2C459ED3008B4373 /* Frameworks */ = {
			isa = PBXFrameworksBuildPhase;
			buildActionMask = 2147483647;
			files = (
			);
			runOnlyForDeploymentPostprocessing = 0;
		};
		12C8217B2C3BE8A700717D4F /* Frameworks */ = {
			isa = PBXFrameworksBuildPhase;
			buildActionMask = 2147483647;
			files = (
				1ADDACED2C63750E00797976 /* PVPCNetwork in Frameworks */,
			);
			runOnlyForDeploymentPostprocessing = 0;
		};
/* End PBXFrameworksBuildPhase section */

/* Begin PBXGroup section */
		1213F8302C459ED3008B4373 /* PVPCPlannerTests */ = {
			isa = PBXGroup;
			children = (
				1213F8312C459ED3008B4373 /* PVPCPlannerTests.swift */,
			);
			path = PVPCPlannerTests;
			sourceTree = "<group>";
		};
		129120B02C3BFA5C0037E939 /* App */ = {
			isa = PBXGroup;
			children = (
				12C821812C3BE8A700717D4F /* PVPCPlannerApp.swift */,
			);
			path = App;
			sourceTree = "<group>";
		};
		129120B52C3BFA790037E939 /* Resources */ = {
			isa = PBXGroup;
			children = (
				12C821852C3BE8A800717D4F /* Assets.xcassets */,
				129120C82C3BFB720037E939 /* Constants */,
				129120C72C3BFB6D0037E939 /* Fonts */,
				129120C62C3BFB5C0037E939 /* Localization */,
			);
			path = Resources;
			sourceTree = "<group>";
		};
		129120C62C3BFB5C0037E939 /* Localization */ = {
			isa = PBXGroup;
			children = (
			);
			path = Localization;
			sourceTree = "<group>";
		};
		129120C72C3BFB6D0037E939 /* Fonts */ = {
			isa = PBXGroup;
			children = (
			);
			path = Fonts;
			sourceTree = "<group>";
		};
		129120C82C3BFB720037E939 /* Constants */ = {
			isa = PBXGroup;
			children = (
			);
			path = Constants;
			sourceTree = "<group>";
		};
		12C821752C3BE8A700717D4F = {
			isa = PBXGroup;
			children = (
				129120C92C3BFBA50037E939 /* README.md */,
				12C821802C3BE8A700717D4F /* PVPCPlanner */,
				1213F8302C459ED3008B4373 /* PVPCPlannerTests */,
				12C8217F2C3BE8A700717D4F /* Products */,
				1ADDACEB2C63750E00797976 /* Frameworks */,
			);
			sourceTree = "<group>";
		};
		12C8217F2C3BE8A700717D4F /* Products */ = {
			isa = PBXGroup;
			children = (
				12C8217E2C3BE8A700717D4F /* PVPCPlanner.app */,
				1213F82F2C459ED3008B4373 /* PVPCPlannerTests.xctest */,
			);
			name = Products;
			sourceTree = "<group>";
		};
		12C821802C3BE8A700717D4F /* PVPCPlanner */ = {
			isa = PBXGroup;
			children = (
				1ADDACFA2C637C0F00797976 /* View */,
				1ADDACF72C637AC500797976 /* ViewModel */,
				1ADDAD022C64C1B800797976 /* Data */,
				1ADDACEE2C6375AB00797976 /* Interface */,
				129120B52C3BFA790037E939 /* Resources */,
				129120B02C3BFA5C0037E939 /* App */,
				12C821872C3BE8A800717D4F /* Preview Content */,
				12726C4C2C3C00130020D35A /* ProjectStructure.md */,
			);
			path = PVPCPlanner;
			sourceTree = "<group>";
		};
		12C821872C3BE8A800717D4F /* Preview Content */ = {
			isa = PBXGroup;
			children = (
				1ADDACFF2C64C11D00797976 /* RepositoryPreview */,
				1ADDACF32C6379CF00797976 /* AllPricesTest.json */,
				12C821882C3BE8A800717D4F /* Preview Assets.xcassets */,
			);
			path = "Preview Content";
			sourceTree = "<group>";
		};
		1ADDACE42C636DAD00797976 /* Repository */ = {
			isa = PBXGroup;
			children = (
				1ADDACE52C636DBA00797976 /* NetworkRepository.swift */,
			);
			name = Repository;
			path = ..;
			sourceTree = "<group>";
		};
		1ADDACE72C63743200797976 /* Model */ = {
			isa = PBXGroup;
			children = (
				1ADDACE82C63745700797976 /* PVPCModel.swift */,
			);
			name = Model;
			path = ..;
			sourceTree = "<group>";
		};
		1ADDACEB2C63750E00797976 /* Frameworks */ = {
			isa = PBXGroup;
			children = (
			);
			name = Frameworks;
			sourceTree = "<group>";
		};
		1ADDACEE2C6375AB00797976 /* Interface */ = {
			isa = PBXGroup;
			children = (
				1ADDACEF2C6375B800797976 /* URL.swift */,
				1ADDACF12C6377A700797976 /* URLRequest.swift */,
			);
			name = Interface;
			sourceTree = "<group>";
		};
		1ADDACF72C637AC500797976 /* ViewModel */ = {
			isa = PBXGroup;
			children = (
				1ADDACF82C637ADA00797976 /* PricesVM.swift */,
			);
			path = ViewModel;
			sourceTree = "<group>";
		};
		1ADDACFA2C637C0F00797976 /* View */ = {
			isa = PBXGroup;
			children = (
				1ADDAD002C64C18800797976 /* Screen */,
				1ADDAD012C64C19000797976 /* Components */,
			);
			name = View;
			sourceTree = "<group>";
		};
		1ADDACFF2C64C11D00797976 /* RepositoryPreview */ = {
			isa = PBXGroup;
			children = (
				1ADDACF52C6379DD00797976 /* PreviewData.swift */,
			);
			name = RepositoryPreview;
			sourceTree = "<group>";
		};
		1ADDAD002C64C18800797976 /* Screen */ = {
			isa = PBXGroup;
			children = (
				1ADDACFD2C637C2A00797976 /* PricesView.swift */,
				12C821832C3BE8A700717D4F /* ContentView.swift */,
			);
			name = Screen;
			sourceTree = "<group>";
		};
		1ADDAD012C64C19000797976 /* Components */ = {
			isa = PBXGroup;
			children = (
			);
			name = Components;
			sourceTree = "<group>";
		};
		1ADDAD022C64C1B800797976 /* Data */ = {
			isa = PBXGroup;
			children = (
				1ADDACE72C63743200797976 /* Model */,
				1ADDACE42C636DAD00797976 /* Repository */,
			);
			path = Data;
			sourceTree = "<group>";
		};
/* End PBXGroup section */

/* Begin PBXNativeTarget section */
		1213F82E2C459ED3008B4373 /* PVPCPlannerTests */ = {
			isa = PBXNativeTarget;
			buildConfigurationList = 1213F8372C459ED3008B4373 /* Build configuration list for PBXNativeTarget "PVPCPlannerTests" */;
			buildPhases = (
				1213F82B2C459ED3008B4373 /* Sources */,
				1213F82C2C459ED3008B4373 /* Frameworks */,
				1213F82D2C459ED3008B4373 /* Resources */,
			);
			buildRules = (
			);
			dependencies = (
				1213F8342C459ED3008B4373 /* PBXTargetDependency */,
			);
			name = PVPCPlannerTests;
			productName = PVPCPlannerTests;
			productReference = 1213F82F2C459ED3008B4373 /* PVPCPlannerTests.xctest */;
			productType = "com.apple.product-type.bundle.unit-test";
		};
		12C8217D2C3BE8A700717D4F /* PVPCPlanner */ = {
			isa = PBXNativeTarget;
			buildConfigurationList = 12C8218C2C3BE8A800717D4F /* Build configuration list for PBXNativeTarget "PVPCPlanner" */;
			buildPhases = (
				12C8217A2C3BE8A700717D4F /* Sources */,
				12C8217B2C3BE8A700717D4F /* Frameworks */,
				12C8217C2C3BE8A700717D4F /* Resources */,
				128DEC352C3D168F003A1834 /* Swiftlint */,
				12887C2C2C3D35E100AC462B /* Pre-Commit */,
			);
			buildRules = (
			);
			dependencies = (
			);
			name = PVPCPlanner;
			packageProductDependencies = (
				1ADDACEC2C63750E00797976 /* PVPCNetwork */,
			);
			productName = PVPCPlanner;
			productReference = 12C8217E2C3BE8A700717D4F /* PVPCPlanner.app */;
			productType = "com.apple.product-type.application";
		};
/* End PBXNativeTarget section */

/* Begin PBXProject section */
		12C821762C3BE8A700717D4F /* Project object */ = {
			isa = PBXProject;
			attributes = {
				BuildIndependentTargetsInParallel = 1;
				LastSwiftUpdateCheck = 1540;
				LastUpgradeCheck = 1540;
				TargetAttributes = {
					1213F82E2C459ED3008B4373 = {
						CreatedOnToolsVersion = 15.4;
						TestTargetID = 12C8217D2C3BE8A700717D4F;
					};
					12C8217D2C3BE8A700717D4F = {
						CreatedOnToolsVersion = 15.4;
					};
				};
			};
			buildConfigurationList = 12C821792C3BE8A700717D4F /* Build configuration list for PBXProject "PVPCPlanner" */;
			compatibilityVersion = "Xcode 14.0";
			developmentRegion = en;
			hasScannedForEncodings = 0;
			knownRegions = (
				en,
				Base,
			);
			mainGroup = 12C821752C3BE8A700717D4F;
			packageReferences = (
				1ADDACEA2C6374EF00797976 /* XCRemoteSwiftPackageReference "PVPCNetwork" */,
			);
			productRefGroup = 12C8217F2C3BE8A700717D4F /* Products */;
			projectDirPath = "";
			projectRoot = "";
			targets = (
				12C8217D2C3BE8A700717D4F /* PVPCPlanner */,
				1213F82E2C459ED3008B4373 /* PVPCPlannerTests */,
			);
		};
/* End PBXProject section */

/* Begin PBXResourcesBuildPhase section */
		1213F82D2C459ED3008B4373 /* Resources */ = {
			isa = PBXResourcesBuildPhase;
			buildActionMask = 2147483647;
			files = (
			);
			runOnlyForDeploymentPostprocessing = 0;
		};
		12C8217C2C3BE8A700717D4F /* Resources */ = {
			isa = PBXResourcesBuildPhase;
			buildActionMask = 2147483647;
			files = (
				1ADDACF42C6379CF00797976 /* AllPricesTest.json in Resources */,
				129120CA2C3BFBA50037E939 /* README.md in Resources */,
				12C821892C3BE8A800717D4F /* Preview Assets.xcassets in Resources */,
				12726C4D2C3C00130020D35A /* ProjectStructure.md in Resources */,
				12C821862C3BE8A800717D4F /* Assets.xcassets in Resources */,
			);
			runOnlyForDeploymentPostprocessing = 0;
		};
/* End PBXResourcesBuildPhase section */

/* Begin PBXShellScriptBuildPhase section */
		12887C2C2C3D35E100AC462B /* Pre-Commit */ = {
			isa = PBXShellScriptBuildPhase;
			buildActionMask = 2147483647;
			files = (
			);
			inputFileListPaths = (
			);
			inputPaths = (
			);
			name = "Pre-Commit";
			outputFileListPaths = (
			);
			outputPaths = (
			);
			runOnlyForDeploymentPostprocessing = 0;
			shellPath = /bin/sh;
			shellScript = "cp ./.scripts/pre-commit ./.git/hooks\n";
		};
		128DEC352C3D168F003A1834 /* Swiftlint */ = {
			isa = PBXShellScriptBuildPhase;
			alwaysOutOfDate = 1;
			buildActionMask = 2147483647;
			files = (
			);
			inputFileListPaths = (
			);
			inputPaths = (
			);
			name = Swiftlint;
			outputFileListPaths = (
			);
			outputPaths = (
			);
			runOnlyForDeploymentPostprocessing = 0;
			shellPath = /bin/sh;
			shellScript = "if [[ \"$(uname -m)\" == arm64 ]]\nthen\n    export PATH=\"/opt/homebrew/bin:$PATH\"\nfi\n\nif command -v swiftlint >/dev/null 2>&1\nthen\n    swiftlint\nelse\n    echo \"warning: `swiftlint` command not found - See https://github.com/realm/SwiftLint#installation for installation instructions.\"\nfi\n";
		};
/* End PBXShellScriptBuildPhase section */

/* Begin PBXSourcesBuildPhase section */
		1213F82B2C459ED3008B4373 /* Sources */ = {
			isa = PBXSourcesBuildPhase;
			buildActionMask = 2147483647;
			files = (
				1213F8322C459ED3008B4373 /* PVPCPlannerTests.swift in Sources */,
			);
			runOnlyForDeploymentPostprocessing = 0;
		};
		12C8217A2C3BE8A700717D4F /* Sources */ = {
			isa = PBXSourcesBuildPhase;
			buildActionMask = 2147483647;
			files = (
				1ADDACF02C6375B800797976 /* URL.swift in Sources */,
				1ADDACE92C63745700797976 /* PVPCModel.swift in Sources */,
				1ADDACF92C637ADA00797976 /* PricesVM.swift in Sources */,
				1ADDACE62C636DBA00797976 /* NetworkRepository.swift in Sources */,
				1ADDACF22C6377A700797976 /* URLRequest.swift in Sources */,
				1ADDACF62C6379DD00797976 /* PreviewData.swift in Sources */,
				12C821842C3BE8A700717D4F /* ContentView.swift in Sources */,
				1ADDACFE2C637C2A00797976 /* PricesView.swift in Sources */,
				12C821822C3BE8A700717D4F /* PVPCPlannerApp.swift in Sources */,
			);
			runOnlyForDeploymentPostprocessing = 0;
		};
/* End PBXSourcesBuildPhase section */

/* Begin PBXTargetDependency section */
		1213F8342C459ED3008B4373 /* PBXTargetDependency */ = {
			isa = PBXTargetDependency;
			target = 12C8217D2C3BE8A700717D4F /* PVPCPlanner */;
			targetProxy = 1213F8332C459ED3008B4373 /* PBXContainerItemProxy */;
		};
/* End PBXTargetDependency section */

/* Begin XCBuildConfiguration section */
		1213F8352C459ED3008B4373 /* Debug */ = {
			isa = XCBuildConfiguration;
			buildSettings = {
				BUNDLE_LOADER = "$(TEST_HOST)";
				CODE_SIGN_STYLE = Automatic;
				CURRENT_PROJECT_VERSION = 1;
				DEVELOPMENT_TEAM = 45G29VT72M;
				GENERATE_INFOPLIST_FILE = YES;
				IPHONEOS_DEPLOYMENT_TARGET = 17.0;
				MARKETING_VERSION = 1.0;
				PRODUCT_BUNDLE_IDENTIFIER = com.codingPitDev.PVPCPlannerTests;
				PRODUCT_NAME = "$(TARGET_NAME)";
				SWIFT_EMIT_LOC_STRINGS = NO;
				SWIFT_VERSION = 5.0;
				TARGETED_DEVICE_FAMILY = "1,2";
				TEST_HOST = "$(BUILT_PRODUCTS_DIR)/PVPCPlanner.app/$(BUNDLE_EXECUTABLE_FOLDER_PATH)/PVPCPlanner";
			};
			name = Debug;
		};
		1213F8362C459ED3008B4373 /* Release */ = {
			isa = XCBuildConfiguration;
			buildSettings = {
				BUNDLE_LOADER = "$(TEST_HOST)";
				CODE_SIGN_STYLE = Automatic;
				CURRENT_PROJECT_VERSION = 1;
				DEVELOPMENT_TEAM = 45G29VT72M;
				GENERATE_INFOPLIST_FILE = YES;
				IPHONEOS_DEPLOYMENT_TARGET = 17.0;
				MARKETING_VERSION = 1.0;
				PRODUCT_BUNDLE_IDENTIFIER = com.codingPitDev.PVPCPlannerTests;
				PRODUCT_NAME = "$(TARGET_NAME)";
				SWIFT_EMIT_LOC_STRINGS = NO;
				SWIFT_VERSION = 5.0;
				TARGETED_DEVICE_FAMILY = "1,2";
				TEST_HOST = "$(BUILT_PRODUCTS_DIR)/PVPCPlanner.app/$(BUNDLE_EXECUTABLE_FOLDER_PATH)/PVPCPlanner";
			};
			name = Release;
		};
		12C8218A2C3BE8A800717D4F /* Debug */ = {
			isa = XCBuildConfiguration;
			buildSettings = {
				ALWAYS_SEARCH_USER_PATHS = NO;
				ASSETCATALOG_COMPILER_GENERATE_SWIFT_ASSET_SYMBOL_EXTENSIONS = YES;
				CLANG_ANALYZER_NONNULL = YES;
				CLANG_ANALYZER_NUMBER_OBJECT_CONVERSION = YES_AGGRESSIVE;
				CLANG_CXX_LANGUAGE_STANDARD = "gnu++20";
				CLANG_ENABLE_MODULES = YES;
				CLANG_ENABLE_OBJC_ARC = YES;
				CLANG_ENABLE_OBJC_WEAK = YES;
				CLANG_WARN_BLOCK_CAPTURE_AUTORELEASING = YES;
				CLANG_WARN_BOOL_CONVERSION = YES;
				CLANG_WARN_COMMA = YES;
				CLANG_WARN_CONSTANT_CONVERSION = YES;
				CLANG_WARN_DEPRECATED_OBJC_IMPLEMENTATIONS = YES;
				CLANG_WARN_DIRECT_OBJC_ISA_USAGE = YES_ERROR;
				CLANG_WARN_DOCUMENTATION_COMMENTS = YES;
				CLANG_WARN_EMPTY_BODY = YES;
				CLANG_WARN_ENUM_CONVERSION = YES;
				CLANG_WARN_INFINITE_RECURSION = YES;
				CLANG_WARN_INT_CONVERSION = YES;
				CLANG_WARN_NON_LITERAL_NULL_CONVERSION = YES;
				CLANG_WARN_OBJC_IMPLICIT_RETAIN_SELF = YES;
				CLANG_WARN_OBJC_LITERAL_CONVERSION = YES;
				CLANG_WARN_OBJC_ROOT_CLASS = YES_ERROR;
				CLANG_WARN_QUOTED_INCLUDE_IN_FRAMEWORK_HEADER = YES;
				CLANG_WARN_RANGE_LOOP_ANALYSIS = YES;
				CLANG_WARN_STRICT_PROTOTYPES = YES;
				CLANG_WARN_SUSPICIOUS_MOVE = YES;
				CLANG_WARN_UNGUARDED_AVAILABILITY = YES_AGGRESSIVE;
				CLANG_WARN_UNREACHABLE_CODE = YES;
				CLANG_WARN__DUPLICATE_METHOD_MATCH = YES;
				COPY_PHASE_STRIP = NO;
				DEBUG_INFORMATION_FORMAT = dwarf;
				ENABLE_STRICT_OBJC_MSGSEND = YES;
				ENABLE_TESTABILITY = YES;
				ENABLE_USER_SCRIPT_SANDBOXING = YES;
				GCC_C_LANGUAGE_STANDARD = gnu17;
				GCC_DYNAMIC_NO_PIC = NO;
				GCC_NO_COMMON_BLOCKS = YES;
				GCC_OPTIMIZATION_LEVEL = 0;
				GCC_PREPROCESSOR_DEFINITIONS = (
					"DEBUG=1",
					"$(inherited)",
				);
				GCC_WARN_64_TO_32_BIT_CONVERSION = YES;
				GCC_WARN_ABOUT_RETURN_TYPE = YES_ERROR;
				GCC_WARN_UNDECLARED_SELECTOR = YES;
				GCC_WARN_UNINITIALIZED_AUTOS = YES_AGGRESSIVE;
				GCC_WARN_UNUSED_FUNCTION = YES;
				GCC_WARN_UNUSED_VARIABLE = YES;
				IPHONEOS_DEPLOYMENT_TARGET = 17.5;
				LOCALIZATION_PREFERS_STRING_CATALOGS = YES;
				MTL_ENABLE_DEBUG_INFO = INCLUDE_SOURCE;
				MTL_FAST_MATH = YES;
				ONLY_ACTIVE_ARCH = YES;
				SDKROOT = iphoneos;
				SWIFT_ACTIVE_COMPILATION_CONDITIONS = "DEBUG $(inherited)";
				SWIFT_OPTIMIZATION_LEVEL = "-Onone";
			};
			name = Debug;
		};
		12C8218B2C3BE8A800717D4F /* Release */ = {
			isa = XCBuildConfiguration;
			buildSettings = {
				ALWAYS_SEARCH_USER_PATHS = NO;
				ASSETCATALOG_COMPILER_GENERATE_SWIFT_ASSET_SYMBOL_EXTENSIONS = YES;
				CLANG_ANALYZER_NONNULL = YES;
				CLANG_ANALYZER_NUMBER_OBJECT_CONVERSION = YES_AGGRESSIVE;
				CLANG_CXX_LANGUAGE_STANDARD = "gnu++20";
				CLANG_ENABLE_MODULES = YES;
				CLANG_ENABLE_OBJC_ARC = YES;
				CLANG_ENABLE_OBJC_WEAK = YES;
				CLANG_WARN_BLOCK_CAPTURE_AUTORELEASING = YES;
				CLANG_WARN_BOOL_CONVERSION = YES;
				CLANG_WARN_COMMA = YES;
				CLANG_WARN_CONSTANT_CONVERSION = YES;
				CLANG_WARN_DEPRECATED_OBJC_IMPLEMENTATIONS = YES;
				CLANG_WARN_DIRECT_OBJC_ISA_USAGE = YES_ERROR;
				CLANG_WARN_DOCUMENTATION_COMMENTS = YES;
				CLANG_WARN_EMPTY_BODY = YES;
				CLANG_WARN_ENUM_CONVERSION = YES;
				CLANG_WARN_INFINITE_RECURSION = YES;
				CLANG_WARN_INT_CONVERSION = YES;
				CLANG_WARN_NON_LITERAL_NULL_CONVERSION = YES;
				CLANG_WARN_OBJC_IMPLICIT_RETAIN_SELF = YES;
				CLANG_WARN_OBJC_LITERAL_CONVERSION = YES;
				CLANG_WARN_OBJC_ROOT_CLASS = YES_ERROR;
				CLANG_WARN_QUOTED_INCLUDE_IN_FRAMEWORK_HEADER = YES;
				CLANG_WARN_RANGE_LOOP_ANALYSIS = YES;
				CLANG_WARN_STRICT_PROTOTYPES = YES;
				CLANG_WARN_SUSPICIOUS_MOVE = YES;
				CLANG_WARN_UNGUARDED_AVAILABILITY = YES_AGGRESSIVE;
				CLANG_WARN_UNREACHABLE_CODE = YES;
				CLANG_WARN__DUPLICATE_METHOD_MATCH = YES;
				COPY_PHASE_STRIP = NO;
				DEBUG_INFORMATION_FORMAT = "dwarf-with-dsym";
				ENABLE_NS_ASSERTIONS = NO;
				ENABLE_STRICT_OBJC_MSGSEND = YES;
				ENABLE_USER_SCRIPT_SANDBOXING = YES;
				GCC_C_LANGUAGE_STANDARD = gnu17;
				GCC_NO_COMMON_BLOCKS = YES;
				GCC_WARN_64_TO_32_BIT_CONVERSION = YES;
				GCC_WARN_ABOUT_RETURN_TYPE = YES_ERROR;
				GCC_WARN_UNDECLARED_SELECTOR = YES;
				GCC_WARN_UNINITIALIZED_AUTOS = YES_AGGRESSIVE;
				GCC_WARN_UNUSED_FUNCTION = YES;
				GCC_WARN_UNUSED_VARIABLE = YES;
				IPHONEOS_DEPLOYMENT_TARGET = 17.5;
				LOCALIZATION_PREFERS_STRING_CATALOGS = YES;
				MTL_ENABLE_DEBUG_INFO = NO;
				MTL_FAST_MATH = YES;
				SDKROOT = iphoneos;
				SWIFT_COMPILATION_MODE = wholemodule;
				VALIDATE_PRODUCT = YES;
			};
			name = Release;
		};
		12C8218D2C3BE8A800717D4F /* Debug */ = {
			isa = XCBuildConfiguration;
			buildSettings = {
				ASSETCATALOG_COMPILER_APPICON_NAME = AppIcon;
				ASSETCATALOG_COMPILER_GLOBAL_ACCENT_COLOR_NAME = AccentColor;
				CODE_SIGN_IDENTITY = "Apple Development";
				CODE_SIGN_STYLE = Automatic;
				CURRENT_PROJECT_VERSION = 1;
				DEVELOPMENT_ASSET_PATHS = "\"PVPCPlanner/Preview Content\"";
				DEVELOPMENT_TEAM = 45G29VT72M;
				ENABLE_PREVIEWS = YES;
				ENABLE_USER_SCRIPT_SANDBOXING = NO;
				GENERATE_INFOPLIST_FILE = YES;
				INFOPLIST_KEY_UIApplicationSceneManifest_Generation = YES;
				INFOPLIST_KEY_UIApplicationSupportsIndirectInputEvents = YES;
				INFOPLIST_KEY_UILaunchScreen_Generation = YES;
				INFOPLIST_KEY_UISupportedInterfaceOrientations = "UIInterfaceOrientationLandscapeLeft UIInterfaceOrientationLandscapeRight UIInterfaceOrientationPortrait";
				INFOPLIST_KEY_UISupportedInterfaceOrientations_iPad = "UIInterfaceOrientationLandscapeLeft UIInterfaceOrientationLandscapeRight UIInterfaceOrientationPortrait UIInterfaceOrientationPortraitUpsideDown";
				IPHONEOS_DEPLOYMENT_TARGET = 17.0;
				LD_RUNPATH_SEARCH_PATHS = (
					"$(inherited)",
					"@executable_path/Frameworks",
				);
				MARKETING_VERSION = 1.0;
				PRODUCT_BUNDLE_IDENTIFIER = com.codingPitDev.PVPCPlanner;
				PRODUCT_NAME = "$(TARGET_NAME)";
				PROVISIONING_PROFILE_SPECIFIER = "";
				SWIFT_EMIT_LOC_STRINGS = YES;
				SWIFT_VERSION = 5.0;
				TARGETED_DEVICE_FAMILY = "1,2";
			};
			name = Debug;
		};
		12C8218E2C3BE8A800717D4F /* Release */ = {
			isa = XCBuildConfiguration;
			buildSettings = {
				ASSETCATALOG_COMPILER_APPICON_NAME = AppIcon;
				ASSETCATALOG_COMPILER_GLOBAL_ACCENT_COLOR_NAME = AccentColor;
				CODE_SIGN_IDENTITY = "Apple Development";
				CODE_SIGN_STYLE = Automatic;
				CURRENT_PROJECT_VERSION = 1;
				DEVELOPMENT_ASSET_PATHS = "\"PVPCPlanner/Preview Content\"";
				DEVELOPMENT_TEAM = 45G29VT72M;
				ENABLE_PREVIEWS = YES;
				ENABLE_USER_SCRIPT_SANDBOXING = NO;
				GENERATE_INFOPLIST_FILE = YES;
				INFOPLIST_KEY_UIApplicationSceneManifest_Generation = YES;
				INFOPLIST_KEY_UIApplicationSupportsIndirectInputEvents = YES;
				INFOPLIST_KEY_UILaunchScreen_Generation = YES;
				INFOPLIST_KEY_UISupportedInterfaceOrientations = "UIInterfaceOrientationLandscapeLeft UIInterfaceOrientationLandscapeRight UIInterfaceOrientationPortrait";
				INFOPLIST_KEY_UISupportedInterfaceOrientations_iPad = "UIInterfaceOrientationLandscapeLeft UIInterfaceOrientationLandscapeRight UIInterfaceOrientationPortrait UIInterfaceOrientationPortraitUpsideDown";
				IPHONEOS_DEPLOYMENT_TARGET = 17.0;
				LD_RUNPATH_SEARCH_PATHS = (
					"$(inherited)",
					"@executable_path/Frameworks",
				);
				MARKETING_VERSION = 1.0;
				PRODUCT_BUNDLE_IDENTIFIER = com.codingPitDev.PVPCPlanner;
				PRODUCT_NAME = "$(TARGET_NAME)";
				PROVISIONING_PROFILE_SPECIFIER = "";
				SWIFT_EMIT_LOC_STRINGS = YES;
				SWIFT_VERSION = 5.0;
				TARGETED_DEVICE_FAMILY = "1,2";
			};
			name = Release;
		};
/* End XCBuildConfiguration section */

/* Begin XCConfigurationList section */
		1213F8372C459ED3008B4373 /* Build configuration list for PBXNativeTarget "PVPCPlannerTests" */ = {
			isa = XCConfigurationList;
			buildConfigurations = (
				1213F8352C459ED3008B4373 /* Debug */,
				1213F8362C459ED3008B4373 /* Release */,
			);
			defaultConfigurationIsVisible = 0;
			defaultConfigurationName = Release;
		};
		12C821792C3BE8A700717D4F /* Build configuration list for PBXProject "PVPCPlanner" */ = {
			isa = XCConfigurationList;
			buildConfigurations = (
				12C8218A2C3BE8A800717D4F /* Debug */,
				12C8218B2C3BE8A800717D4F /* Release */,
			);
			defaultConfigurationIsVisible = 0;
			defaultConfigurationName = Release;
		};
		12C8218C2C3BE8A800717D4F /* Build configuration list for PBXNativeTarget "PVPCPlanner" */ = {
			isa = XCConfigurationList;
			buildConfigurations = (
				12C8218D2C3BE8A800717D4F /* Debug */,
				12C8218E2C3BE8A800717D4F /* Release */,
			);
			defaultConfigurationIsVisible = 0;
			defaultConfigurationName = Release;
		};
/* End XCConfigurationList section */

/* Begin XCRemoteSwiftPackageReference section */
		1ADDACEA2C6374EF00797976 /* XCRemoteSwiftPackageReference "PVPCNetwork" */ = {
			isa = XCRemoteSwiftPackageReference;
			repositoryURL = "https://github.com/Bitos88/PVPCNetwork";
			requirement = {
				branch = main;
				kind = branch;
			};
		};
/* End XCRemoteSwiftPackageReference section */

/* Begin XCSwiftPackageProductDependency section */
		1ADDACEC2C63750E00797976 /* PVPCNetwork */ = {
			isa = XCSwiftPackageProductDependency;
			package = 1ADDACEA2C6374EF00797976 /* XCRemoteSwiftPackageReference "PVPCNetwork" */;
			productName = PVPCNetwork;
		};
/* End XCSwiftPackageProductDependency section */
	};
	rootObject = 12C821762C3BE8A700717D4F /* Project object */;
}
