// !$*UTF8*$!
{
	archiveVersion = 1;
	classes = {
	};
	objectVersion = 56;
	objects = {

/* Begin PBXBuildFile section */
		12726C4D2C3C00130020D35A /* ProjectStructure.md in Resources */ = {isa = PBXBuildFile; fileRef = 12726C4C2C3C00130020D35A /* ProjectStructure.md */; };
		129120CA2C3BFBA50037E939 /* README.md in Resources */ = {isa = PBXBuildFile; fileRef = 129120C92C3BFBA50037E939 /* README.md */; };
		12C821822C3BE8A700717D4F /* PVPCPlannerApp.swift in Sources */ = {isa = PBXBuildFile; fileRef = 12C821812C3BE8A700717D4F /* PVPCPlannerApp.swift */; };
		12C821842C3BE8A700717D4F /* ContentView.swift in Sources */ = {isa = PBXBuildFile; fileRef = 12C821832C3BE8A700717D4F /* ContentView.swift */; };
		12C821862C3BE8A800717D4F /* Assets.xcassets in Resources */ = {isa = PBXBuildFile; fileRef = 12C821852C3BE8A800717D4F /* Assets.xcassets */; };
		12C821892C3BE8A800717D4F /* Preview Assets.xcassets in Resources */ = {isa = PBXBuildFile; fileRef = 12C821882C3BE8A800717D4F /* Preview Assets.xcassets */; };
/* End PBXBuildFile section */

/* Begin PBXFileReference section */
		12726C4C2C3C00130020D35A /* ProjectStructure.md */ = {isa = PBXFileReference; fileEncoding = 4; lastKnownFileType = net.daringfireball.markdown; path = ProjectStructure.md; sourceTree = "<group>"; };
		129120C92C3BFBA50037E939 /* README.md */ = {isa = PBXFileReference; fileEncoding = 4; lastKnownFileType = net.daringfireball.markdown; path = README.md; sourceTree = "<group>"; };
		12C8217E2C3BE8A700717D4F /* PVPCPlanner.app */ = {isa = PBXFileReference; explicitFileType = wrapper.application; includeInIndex = 0; path = PVPCPlanner.app; sourceTree = BUILT_PRODUCTS_DIR; };
		12C821812C3BE8A700717D4F /* PVPCPlannerApp.swift */ = {isa = PBXFileReference; lastKnownFileType = sourcecode.swift; path = PVPCPlannerApp.swift; sourceTree = "<group>"; };
		12C821832C3BE8A700717D4F /* ContentView.swift */ = {isa = PBXFileReference; lastKnownFileType = sourcecode.swift; path = ContentView.swift; sourceTree = "<group>"; };
		12C821852C3BE8A800717D4F /* Assets.xcassets */ = {isa = PBXFileReference; lastKnownFileType = folder.assetcatalog; path = Assets.xcassets; sourceTree = "<group>"; };
		12C821882C3BE8A800717D4F /* Preview Assets.xcassets */ = {isa = PBXFileReference; lastKnownFileType = folder.assetcatalog; path = "Preview Assets.xcassets"; sourceTree = "<group>"; };
/* End PBXFileReference section */

/* Begin PBXFrameworksBuildPhase section */
		12C8217B2C3BE8A700717D4F /* Frameworks */ = {
			isa = PBXFrameworksBuildPhase;
			buildActionMask = 2147483647;
			files = (
			);
			runOnlyForDeploymentPostprocessing = 0;
		};
/* End PBXFrameworksBuildPhase section */

/* Begin PBXGroup section */
		129120B02C3BFA5C0037E939 /* App */ = {
			isa = PBXGroup;
			children = (
				12C821812C3BE8A700717D4F /* PVPCPlannerApp.swift */,
			);
			path = App;
			sourceTree = "<group>";
		};
		129120B12C3BFA620037E939 /* Data */ = {
			isa = PBXGroup;
			children = (
				129120BD2C3BFACC0037E939 /* Models */,
				129120BA2C3BFAB70037E939 /* DataSource */,
				129120C02C3BFAE00037E939 /* Repositories */,
				129120BF2C3BFAD80037E939 /* Persistence */,
				129120BE2C3BFAD00037E939 /* Network */,
			);
			path = Data;
			sourceTree = "<group>";
		};
		129120B32C3BFA6D0037E939 /* Domain */ = {
			isa = PBXGroup;
			children = (
				129120B92C3BFAA80037E939 /* UserCases */,
				129120B82C3BFAA10037E939 /* Protocols */,
				129120B72C3BFA9B0037E939 /* Domain */,
			);
			path = Domain;
			sourceTree = "<group>";
		};
		129120B42C3BFA720037E939 /* Presentation */ = {
			isa = PBXGroup;
			children = (
				129120C22C3BFB2E0037E939 /* Views */,
				129120C12C3BFAFC0037E939 /* ViewModels */,
			);
			path = Presentation;
			sourceTree = "<group>";
		};
		129120B52C3BFA790037E939 /* Resources */ = {
			isa = PBXGroup;
			children = (
				12C821852C3BE8A800717D4F /* Assets.xcassets */,
				129120C82C3BFB720037E939 /* Constants */,
				129120C72C3BFB6D0037E939 /* Fonts */,
				129120C62C3BFB5C0037E939 /* Localization */,
			);
			path = Resources;
			sourceTree = "<group>";
		};
		129120B62C3BFA810037E939 /* Utils */ = {
			isa = PBXGroup;
			children = (
			);
			path = Utils;
			sourceTree = "<group>";
		};
		129120B72C3BFA9B0037E939 /* Domain */ = {
			isa = PBXGroup;
			children = (
			);
			path = Domain;
			sourceTree = "<group>";
		};
		129120B82C3BFAA10037E939 /* Protocols */ = {
			isa = PBXGroup;
			children = (
			);
			path = Protocols;
			sourceTree = "<group>";
		};
		129120B92C3BFAA80037E939 /* UserCases */ = {
			isa = PBXGroup;
			children = (
			);
			path = UserCases;
			sourceTree = "<group>";
		};
		129120BA2C3BFAB70037E939 /* DataSource */ = {
			isa = PBXGroup;
			children = (
				129120BC2C3BFAC60037E939 /* Local */,
				129120BB2C3BFAC10037E939 /* Remote */,
			);
			path = DataSource;
			sourceTree = "<group>";
		};
		129120BB2C3BFAC10037E939 /* Remote */ = {
			isa = PBXGroup;
			children = (
			);
			path = Remote;
			sourceTree = "<group>";
		};
		129120BC2C3BFAC60037E939 /* Local */ = {
			isa = PBXGroup;
			children = (
			);
			path = Local;
			sourceTree = "<group>";
		};
		129120BD2C3BFACC0037E939 /* Models */ = {
			isa = PBXGroup;
			children = (
			);
			path = Models;
			sourceTree = "<group>";
		};
		129120BE2C3BFAD00037E939 /* Network */ = {
			isa = PBXGroup;
			children = (
			);
			path = Network;
			sourceTree = "<group>";
		};
		129120BF2C3BFAD80037E939 /* Persistence */ = {
			isa = PBXGroup;
			children = (
			);
			path = Persistence;
			sourceTree = "<group>";
		};
		129120C02C3BFAE00037E939 /* Repositories */ = {
			isa = PBXGroup;
			children = (
			);
			path = Repositories;
			sourceTree = "<group>";
		};
		129120C12C3BFAFC0037E939 /* ViewModels */ = {
			isa = PBXGroup;
			children = (
			);
			path = ViewModels;
			sourceTree = "<group>";
		};
		129120C22C3BFB2E0037E939 /* Views */ = {
			isa = PBXGroup;
			children = (
				129120C42C3BFB3A0037E939 /* Screens */,
				129120C32C3BFB330037E939 /* Components */,
			);
			path = Views;
			sourceTree = "<group>";
		};
		129120C32C3BFB330037E939 /* Components */ = {
			isa = PBXGroup;
			children = (
			);
			path = Components;
			sourceTree = "<group>";
		};
		129120C42C3BFB3A0037E939 /* Screens */ = {
			isa = PBXGroup;
			children = (
				12C821832C3BE8A700717D4F /* ContentView.swift */,
			);
			path = Screens;
			sourceTree = "<group>";
		};
		129120C62C3BFB5C0037E939 /* Localization */ = {
			isa = PBXGroup;
			children = (
			);
			path = Localization;
			sourceTree = "<group>";
		};
		129120C72C3BFB6D0037E939 /* Fonts */ = {
			isa = PBXGroup;
			children = (
			);
			path = Fonts;
			sourceTree = "<group>";
		};
		129120C82C3BFB720037E939 /* Constants */ = {
			isa = PBXGroup;
			children = (
			);
			path = Constants;
			sourceTree = "<group>";
		};
		12C821752C3BE8A700717D4F = {
			isa = PBXGroup;
			children = (
				129120C92C3BFBA50037E939 /* README.md */,
				12C821802C3BE8A700717D4F /* PVPCPlanner */,
				12C8217F2C3BE8A700717D4F /* Products */,
			);
			sourceTree = "<group>";
		};
		12C8217F2C3BE8A700717D4F /* Products */ = {
			isa = PBXGroup;
			children = (
				12C8217E2C3BE8A700717D4F /* PVPCPlanner.app */,
			);
			name = Products;
			sourceTree = "<group>";
		};
		12C821802C3BE8A700717D4F /* PVPCPlanner */ = {
			isa = PBXGroup;
			children = (
				12726C4C2C3C00130020D35A /* ProjectStructure.md */,
				129120B62C3BFA810037E939 /* Utils */,
				129120B52C3BFA790037E939 /* Resources */,
				129120B42C3BFA720037E939 /* Presentation */,
				129120B32C3BFA6D0037E939 /* Domain */,
				129120B12C3BFA620037E939 /* Data */,
				129120B02C3BFA5C0037E939 /* App */,
				12C821872C3BE8A800717D4F /* Preview Content */,
			);
			path = PVPCPlanner;
			sourceTree = "<group>";
		};
		12C821872C3BE8A800717D4F /* Preview Content */ = {
			isa = PBXGroup;
			children = (
				12C821882C3BE8A800717D4F /* Preview Assets.xcassets */,
			);
			path = "Preview Content";
			sourceTree = "<group>";
		};
/* End PBXGroup section */

/* Begin PBXNativeTarget section */
		12C8217D2C3BE8A700717D4F /* PVPCPlanner */ = {
			isa = PBXNativeTarget;
			buildConfigurationList = 12C8218C2C3BE8A800717D4F /* Build configuration list for PBXNativeTarget "PVPCPlanner" */;
			buildPhases = (
				12C8217A2C3BE8A700717D4F /* Sources */,
				12C8217B2C3BE8A700717D4F /* Frameworks */,
				12C8217C2C3BE8A700717D4F /* Resources */,
			);
			buildRules = (
			);
			dependencies = (
			);
			name = PVPCPlanner;
			productName = PVPCPlanner;
			productReference = 12C8217E2C3BE8A700717D4F /* PVPCPlanner.app */;
			productType = "com.apple.product-type.application";
		};
/* End PBXNativeTarget section */

/* Begin PBXProject section */
		12C821762C3BE8A700717D4F /* Project object */ = {
			isa = PBXProject;
			attributes = {
				BuildIndependentTargetsInParallel = 1;
				LastSwiftUpdateCheck = 1540;
				LastUpgradeCheck = 1540;
				TargetAttributes = {
					12C8217D2C3BE8A700717D4F = {
						CreatedOnToolsVersion = 15.4;
					};
				};
			};
			buildConfigurationList = 12C821792C3BE8A700717D4F /* Build configuration list for PBXProject "PVPCPlanner" */;
			compatibilityVersion = "Xcode 14.0";
			developmentRegion = en;
			hasScannedForEncodings = 0;
			knownRegions = (
				en,
				Base,
			);
			mainGroup = 12C821752C3BE8A700717D4F;
			productRefGroup = 12C8217F2C3BE8A700717D4F /* Products */;
			projectDirPath = "";
			projectRoot = "";
			targets = (
				12C8217D2C3BE8A700717D4F /* PVPCPlanner */,
			);
		};
/* End PBXProject section */

/* Begin PBXResourcesBuildPhase section */
		12C8217C2C3BE8A700717D4F /* Resources */ = {
			isa = PBXResourcesBuildPhase;
			buildActionMask = 2147483647;
			files = (
				129120CA2C3BFBA50037E939 /* README.md in Resources */,
				12C821892C3BE8A800717D4F /* Preview Assets.xcassets in Resources */,
				12726C4D2C3C00130020D35A /* ProjectStructure.md in Resources */,
				12C821862C3BE8A800717D4F /* Assets.xcassets in Resources */,
			);
			runOnlyForDeploymentPostprocessing = 0;
		};
/* End PBXResourcesBuildPhase section */

/* Begin PBXSourcesBuildPhase section */
		12C8217A2C3BE8A700717D4F /* Sources */ = {
			isa = PBXSourcesBuildPhase;
			buildActionMask = 2147483647;
			files = (
				12C821842C3BE8A700717D4F /* ContentView.swift in Sources */,
				12C821822C3BE8A700717D4F /* PVPCPlannerApp.swift in Sources */,
			);
			runOnlyForDeploymentPostprocessing = 0;
		};
/* End PBXSourcesBuildPhase section */

/* Begin XCBuildConfiguration section */
		12C8218A2C3BE8A800717D4F /* Debug */ = {
			isa = XCBuildConfiguration;
			buildSettings = {
				ALWAYS_SEARCH_USER_PATHS = NO;
				ASSETCATALOG_COMPILER_GENERATE_SWIFT_ASSET_SYMBOL_EXTENSIONS = YES;
				CLANG_ANALYZER_NONNULL = YES;
				CLANG_ANALYZER_NUMBER_OBJECT_CONVERSION = YES_AGGRESSIVE;
				CLANG_CXX_LANGUAGE_STANDARD = "gnu++20";
				CLANG_ENABLE_MODULES = YES;
				CLANG_ENABLE_OBJC_ARC = YES;
				CLANG_ENABLE_OBJC_WEAK = YES;
				CLANG_WARN_BLOCK_CAPTURE_AUTORELEASING = YES;
				CLANG_WARN_BOOL_CONVERSION = YES;
				CLANG_WARN_COMMA = YES;
				CLANG_WARN_CONSTANT_CONVERSION = YES;
				CLANG_WARN_DEPRECATED_OBJC_IMPLEMENTATIONS = YES;
				CLANG_WARN_DIRECT_OBJC_ISA_USAGE = YES_ERROR;
				CLANG_WARN_DOCUMENTATION_COMMENTS = YES;
				CLANG_WARN_EMPTY_BODY = YES;
				CLANG_WARN_ENUM_CONVERSION = YES;
				CLANG_WARN_INFINITE_RECURSION = YES;
				CLANG_WARN_INT_CONVERSION = YES;
				CLANG_WARN_NON_LITERAL_NULL_CONVERSION = YES;
				CLANG_WARN_OBJC_IMPLICIT_RETAIN_SELF = YES;
				CLANG_WARN_OBJC_LITERAL_CONVERSION = YES;
				CLANG_WARN_OBJC_ROOT_CLASS = YES_ERROR;
				CLANG_WARN_QUOTED_INCLUDE_IN_FRAMEWORK_HEADER = YES;
				CLANG_WARN_RANGE_LOOP_ANALYSIS = YES;
				CLANG_WARN_STRICT_PROTOTYPES = YES;
				CLANG_WARN_SUSPICIOUS_MOVE = YES;
				CLANG_WARN_UNGUARDED_AVAILABILITY = YES_AGGRESSIVE;
				CLANG_WARN_UNREACHABLE_CODE = YES;
				CLANG_WARN__DUPLICATE_METHOD_MATCH = YES;
				COPY_PHASE_STRIP = NO;
				DEBUG_INFORMATION_FORMAT = dwarf;
				ENABLE_STRICT_OBJC_MSGSEND = YES;
				ENABLE_TESTABILITY = YES;
				ENABLE_USER_SCRIPT_SANDBOXING = YES;
				GCC_C_LANGUAGE_STANDARD = gnu17;
				GCC_DYNAMIC_NO_PIC = NO;
				GCC_NO_COMMON_BLOCKS = YES;
				GCC_OPTIMIZATION_LEVEL = 0;
				GCC_PREPROCESSOR_DEFINITIONS = (
					"DEBUG=1",
					"$(inherited)",
				);
				GCC_WARN_64_TO_32_BIT_CONVERSION = YES;
				GCC_WARN_ABOUT_RETURN_TYPE = YES_ERROR;
				GCC_WARN_UNDECLARED_SELECTOR = YES;
				GCC_WARN_UNINITIALIZED_AUTOS = YES_AGGRESSIVE;
				GCC_WARN_UNUSED_FUNCTION = YES;
				GCC_WARN_UNUSED_VARIABLE = YES;
				IPHONEOS_DEPLOYMENT_TARGET = 17.0;
				LOCALIZATION_PREFERS_STRING_CATALOGS = YES;
				MTL_ENABLE_DEBUG_INFO = INCLUDE_SOURCE;
				MTL_FAST_MATH = YES;
				ONLY_ACTIVE_ARCH = YES;
				SDKROOT = iphoneos;
				SWIFT_ACTIVE_COMPILATION_CONDITIONS = "DEBUG $(inherited)";
				SWIFT_OPTIMIZATION_LEVEL = "-Onone";
			};
			name = Debug;
		};
		12C8218B2C3BE8A800717D4F /* Release */ = {
			isa = XCBuildConfiguration;
			buildSettings = {
				ALWAYS_SEARCH_USER_PATHS = NO;
				ASSETCATALOG_COMPILER_GENERATE_SWIFT_ASSET_SYMBOL_EXTENSIONS = YES;
				CLANG_ANALYZER_NONNULL = YES;
				CLANG_ANALYZER_NUMBER_OBJECT_CONVERSION = YES_AGGRESSIVE;
				CLANG_CXX_LANGUAGE_STANDARD = "gnu++20";
				CLANG_ENABLE_MODULES = YES;
				CLANG_ENABLE_OBJC_ARC = YES;
				CLANG_ENABLE_OBJC_WEAK = YES;
				CLANG_WARN_BLOCK_CAPTURE_AUTORELEASING = YES;
				CLANG_WARN_BOOL_CONVERSION = YES;
				CLANG_WARN_COMMA = YES;
				CLANG_WARN_CONSTANT_CONVERSION = YES;
				CLANG_WARN_DEPRECATED_OBJC_IMPLEMENTATIONS = YES;
				CLANG_WARN_DIRECT_OBJC_ISA_USAGE = YES_ERROR;
				CLANG_WARN_DOCUMENTATION_COMMENTS = YES;
				CLANG_WARN_EMPTY_BODY = YES;
				CLANG_WARN_ENUM_CONVERSION = YES;
				CLANG_WARN_INFINITE_RECURSION = YES;
				CLANG_WARN_INT_CONVERSION = YES;
				CLANG_WARN_NON_LITERAL_NULL_CONVERSION = YES;
				CLANG_WARN_OBJC_IMPLICIT_RETAIN_SELF = YES;
				CLANG_WARN_OBJC_LITERAL_CONVERSION = YES;
				CLANG_WARN_OBJC_ROOT_CLASS = YES_ERROR;
				CLANG_WARN_QUOTED_INCLUDE_IN_FRAMEWORK_HEADER = YES;
				CLANG_WARN_RANGE_LOOP_ANALYSIS = YES;
				CLANG_WARN_STRICT_PROTOTYPES = YES;
				CLANG_WARN_SUSPICIOUS_MOVE = YES;
				CLANG_WARN_UNGUARDED_AVAILABILITY = YES_AGGRESSIVE;
				CLANG_WARN_UNREACHABLE_CODE = YES;
				CLANG_WARN__DUPLICATE_METHOD_MATCH = YES;
				COPY_PHASE_STRIP = NO;
				DEBUG_INFORMATION_FORMAT = "dwarf-with-dsym";
				ENABLE_NS_ASSERTIONS = NO;
				ENABLE_STRICT_OBJC_MSGSEND = YES;
				ENABLE_USER_SCRIPT_SANDBOXING = YES;
				GCC_C_LANGUAGE_STANDARD = gnu17;
				GCC_NO_COMMON_BLOCKS = YES;
				GCC_WARN_64_TO_32_BIT_CONVERSION = YES;
				GCC_WARN_ABOUT_RETURN_TYPE = YES_ERROR;
				GCC_WARN_UNDECLARED_SELECTOR = YES;
				GCC_WARN_UNINITIALIZED_AUTOS = YES_AGGRESSIVE;
				GCC_WARN_UNUSED_FUNCTION = YES;
				GCC_WARN_UNUSED_VARIABLE = YES;
				IPHONEOS_DEPLOYMENT_TARGET = 17.0;
				LOCALIZATION_PREFERS_STRING_CATALOGS = YES;
				MTL_ENABLE_DEBUG_INFO = NO;
				MTL_FAST_MATH = YES;
				SDKROOT = iphoneos;
				SWIFT_COMPILATION_MODE = wholemodule;
				VALIDATE_PRODUCT = YES;
			};
			name = Release;
		};
		12C8218D2C3BE8A800717D4F /* Debug */ = {
			isa = XCBuildConfiguration;
			buildSettings = {
				ASSETCATALOG_COMPILER_APPICON_NAME = AppIcon;
				ASSETCATALOG_COMPILER_GLOBAL_ACCENT_COLOR_NAME = AccentColor;
				CODE_SIGN_STYLE = Automatic;
				CURRENT_PROJECT_VERSION = 1;
				DEVELOPMENT_ASSET_PATHS = "\"PVPCPlanner/Preview Content\"";
				DEVELOPMENT_TEAM = 45G29VT72M;
				ENABLE_PREVIEWS = YES;
				GENERATE_INFOPLIST_FILE = YES;
				INFOPLIST_KEY_UIApplicationSceneManifest_Generation = YES;
				INFOPLIST_KEY_UIApplicationSupportsIndirectInputEvents = YES;
				INFOPLIST_KEY_UILaunchScreen_Generation = YES;
				INFOPLIST_KEY_UISupportedInterfaceOrientations = "UIInterfaceOrientationLandscapeLeft UIInterfaceOrientationLandscapeRight UIInterfaceOrientationPortrait";
				INFOPLIST_KEY_UISupportedInterfaceOrientations_iPad = "UIInterfaceOrientationPortrait UIInterfaceOrientationPortraitUpsideDown";
				IPHONEOS_DEPLOYMENT_TARGET = 17.0;
				LD_RUNPATH_SEARCH_PATHS = (
					"$(inherited)",
					"@executable_path/Frameworks",
				);
				MARKETING_VERSION = 1.0;
				PRODUCT_BUNDLE_IDENTIFIER = com.codingPitDev.PVPCPlanner;
				PRODUCT_NAME = "$(TARGET_NAME)";
				SWIFT_EMIT_LOC_STRINGS = YES;
				SWIFT_VERSION = 5.0;
				TARGETED_DEVICE_FAMILY = "1,2";
			};
			name = Debug;
		};
		12C8218E2C3BE8A800717D4F /* Release */ = {
			isa = XCBuildConfiguration;
			buildSettings = {
				ASSETCATALOG_COMPILER_APPICON_NAME = AppIcon;
				ASSETCATALOG_COMPILER_GLOBAL_ACCENT_COLOR_NAME = AccentColor;
				CODE_SIGN_STYLE = Automatic;
				CURRENT_PROJECT_VERSION = 1;
				DEVELOPMENT_ASSET_PATHS = "\"PVPCPlanner/Preview Content\"";
				DEVELOPMENT_TEAM = 45G29VT72M;
				ENABLE_PREVIEWS = YES;
				GENERATE_INFOPLIST_FILE = YES;
				INFOPLIST_KEY_UIApplicationSceneManifest_Generation = YES;
				INFOPLIST_KEY_UIApplicationSupportsIndirectInputEvents = YES;
				INFOPLIST_KEY_UILaunchScreen_Generation = YES;
				INFOPLIST_KEY_UISupportedInterfaceOrientations = "UIInterfaceOrientationLandscapeLeft UIInterfaceOrientationLandscapeRight UIInterfaceOrientationPortrait";
				INFOPLIST_KEY_UISupportedInterfaceOrientations_iPad = "UIInterfaceOrientationPortrait UIInterfaceOrientationPortraitUpsideDown";
				IPHONEOS_DEPLOYMENT_TARGET = 17.0;
				LD_RUNPATH_SEARCH_PATHS = (
					"$(inherited)",
					"@executable_path/Frameworks",
				);
				MARKETING_VERSION = 1.0;
				PRODUCT_BUNDLE_IDENTIFIER = com.codingPitDev.PVPCPlanner;
				PRODUCT_NAME = "$(TARGET_NAME)";
				SWIFT_EMIT_LOC_STRINGS = YES;
				SWIFT_VERSION = 5.0;
				TARGETED_DEVICE_FAMILY = "1,2";
			};
			name = Release;
		};
/* End XCBuildConfiguration section */

/* Begin XCConfigurationList section */
		12C821792C3BE8A700717D4F /* Build configuration list for PBXProject "PVPCPlanner" */ = {
			isa = XCConfigurationList;
			buildConfigurations = (
				12C8218A2C3BE8A800717D4F /* Debug */,
				12C8218B2C3BE8A800717D4F /* Release */,
			);
			defaultConfigurationIsVisible = 0;
			defaultConfigurationName = Release;
		};
		12C8218C2C3BE8A800717D4F /* Build configuration list for PBXNativeTarget "PVPCPlanner" */ = {
			isa = XCConfigurationList;
			buildConfigurations = (
				12C8218D2C3BE8A800717D4F /* Debug */,
				12C8218E2C3BE8A800717D4F /* Release */,
			);
			defaultConfigurationIsVisible = 0;
			defaultConfigurationName = Release;
		};
/* End XCConfigurationList section */
	};
	rootObject = 12C821762C3BE8A700717D4F /* Project object */;
}
